
Microsoft Visual Studio Solution File, Format Version 12.00
# Visual Studio Version 17
VisualStudioVersion = 17.12.35506.116 d17.12
MinimumVisualStudioVersion = 10.0.40219.1
Project("{FAE04EC0-301F-11D3-BF4B-00C04F79EFBC}") = "SocPlus", "SocPlus.csproj", "{FB8B008F-E374-4AC1-B5D8-9D1F20E7140D}"
EndProject
Global
	GlobalSection(SolutionConfigurationPlatforms) = preSolution
		Debug|Any CPU = Debug|Any CPU
		Release|Any CPU = Release|Any CPU
	EndGlobalSection
	GlobalSection(ProjectConfigurationPlatforms) = postSolution
		{FB8B008F-E374-4AC1-B5D8-9D1F20E7140D}.Debug|Any CPU.ActiveCfg = Debug|Any CPU
		{FB8B008F-E374-4AC1-B5D8-9D1F20E7140D}.Debug|Any CPU.Build.0 = Debug|Any CPU
		{FB8B008F-E374-4AC1-B5D8-9D1F20E7140D}.Release|Any CPU.ActiveCfg = Release|Any CPU
		{FB8B008F-E374-4AC1-B5D8-9D1F20E7140D}.Release|Any CPU.Build.0 = Release|Any CPU
	EndGlobalSection
	GlobalSection(SolutionProperties) = preSolution
		HideSolutionNode = FALSE
	EndGlobalSection
EndGlobal
